
Microsoft Visual Studio Solution File, Format Version 12.00
# Visual Studio Version 17
VisualStudioVersion = 17.6.33801.468
MinimumVisualStudioVersion = 10.0.40219.1
Project("{FAE04EC0-301F-11D3-BF4B-00C04F79EFBC}") = "AzureCognitiveSearchUtility", "AzureCognitiveSearchUtility.csproj", "{ECDE0111-38F5-4A2B-8231-623F6FA52D2C}"
EndProject
Global
	GlobalSection(SolutionConfigurationPlatforms) = preSolution
		Debug|Any CPU = Debug|Any CPU
		Release|Any CPU = Release|Any CPU
	EndGlobalSection
	GlobalSection(ProjectConfigurationPlatforms) = postSolution
		{ECDE0111-38F5-4A2B-8231-623F6FA52D2C}.Debug|Any CPU.ActiveCfg = Debug|Any CPU
		{ECDE0111-38F5-4A2B-8231-623F6FA52D2C}.Debug|Any CPU.Build.0 = Debug|Any CPU
		{ECDE0111-38F5-4A2B-8231-623F6FA52D2C}.Release|Any CPU.ActiveCfg = Release|Any CPU
		{ECDE0111-38F5-4A2B-8231-623F6FA52D2C}.Release|Any CPU.Build.0 = Release|Any CPU
	EndGlobalSection
	GlobalSection(SolutionProperties) = preSolution
		HideSolutionNode = FALSE
	EndGlobalSection
	GlobalSection(ExtensibilityGlobals) = postSolution
		SolutionGuid = {2EA97930-5153-4E12-A7DE-739FE22005F0}
	EndGlobalSection
EndGlobal
